// !$*UTF8*$!
{
	archiveVersion = 1;
	classes = {
	};
	objectVersion = 50;
	objects = {

/* Begin PBXBuildFile section */
		AF34AB7A25F4213000F510CC /* LeetCodeApp.swift in Sources */ = {isa = PBXBuildFile; fileRef = AF34AB7925F4213000F510CC /* LeetCodeApp.swift */; };
		AF34AB7C25F4213000F510CC /* ContentView.swift in Sources */ = {isa = PBXBuildFile; fileRef = AF34AB7B25F4213000F510CC /* ContentView.swift */; };
		AF34AB7E25F4213200F510CC /* Assets.xcassets in Resources */ = {isa = PBXBuildFile; fileRef = AF34AB7D25F4213200F510CC /* Assets.xcassets */; };
		AF34AB8125F4213200F510CC /* Preview Assets.xcassets in Resources */ = {isa = PBXBuildFile; fileRef = AF34AB8025F4213200F510CC /* Preview Assets.xcassets */; };
		AF34AB8C25F4213200F510CC /* TwoSumTests.swift in Sources */ = {isa = PBXBuildFile; fileRef = AF34AB8B25F4213200F510CC /* TwoSumTests.swift */; };
		AF34AB9725F4213200F510CC /* LeetCodeUITests.swift in Sources */ = {isa = PBXBuildFile; fileRef = AF34AB9625F4213200F510CC /* LeetCodeUITests.swift */; };
		AF34ABAB25F4282C00F510CC /* LicenseKeyFormattingTests.swift in Sources */ = {isa = PBXBuildFile; fileRef = AF34ABAA25F4282C00F510CC /* LicenseKeyFormattingTests.swift */; };
/* End PBXBuildFile section */

/* Begin PBXContainerItemProxy section */
		AF34AB8825F4213200F510CC /* PBXContainerItemProxy */ = {
			isa = PBXContainerItemProxy;
			containerPortal = AF34AB6E25F4213000F510CC /* Project object */;
			proxyType = 1;
			remoteGlobalIDString = AF34AB7525F4213000F510CC;
			remoteInfo = LeetCode;
		};
		AF34AB9325F4213200F510CC /* PBXContainerItemProxy */ = {
			isa = PBXContainerItemProxy;
			containerPortal = AF34AB6E25F4213000F510CC /* Project object */;
			proxyType = 1;
			remoteGlobalIDString = AF34AB7525F4213000F510CC;
			remoteInfo = LeetCode;
		};
/* End PBXContainerItemProxy section */

/* Begin PBXFileReference section */
		AF34AB7625F4213000F510CC /* LeetCode.app */ = {isa = PBXFileReference; explicitFileType = wrapper.application; includeInIndex = 0; path = LeetCode.app; sourceTree = BUILT_PRODUCTS_DIR; };
		AF34AB7925F4213000F510CC /* LeetCodeApp.swift */ = {isa = PBXFileReference; lastKnownFileType = sourcecode.swift; path = LeetCodeApp.swift; sourceTree = "<group>"; };
		AF34AB7B25F4213000F510CC /* ContentView.swift */ = {isa = PBXFileReference; lastKnownFileType = sourcecode.swift; path = ContentView.swift; sourceTree = "<group>"; };
		AF34AB7D25F4213200F510CC /* Assets.xcassets */ = {isa = PBXFileReference; lastKnownFileType = folder.assetcatalog; path = Assets.xcassets; sourceTree = "<group>"; };
		AF34AB8025F4213200F510CC /* Preview Assets.xcassets */ = {isa = PBXFileReference; lastKnownFileType = folder.assetcatalog; path = "Preview Assets.xcassets"; sourceTree = "<group>"; };
		AF34AB8225F4213200F510CC /* Info.plist */ = {isa = PBXFileReference; lastKnownFileType = text.plist.xml; path = Info.plist; sourceTree = "<group>"; };
		AF34AB8725F4213200F510CC /* LeetCodeTests.xctest */ = {isa = PBXFileReference; explicitFileType = wrapper.cfbundle; includeInIndex = 0; path = LeetCodeTests.xctest; sourceTree = BUILT_PRODUCTS_DIR; };
		AF34AB8B25F4213200F510CC /* TwoSumTests.swift */ = {isa = PBXFileReference; lastKnownFileType = sourcecode.swift; path = TwoSumTests.swift; sourceTree = "<group>"; };
		AF34AB8D25F4213200F510CC /* Info.plist */ = {isa = PBXFileReference; lastKnownFileType = text.plist.xml; path = Info.plist; sourceTree = "<group>"; };
		AF34AB9225F4213200F510CC /* LeetCodeUITests.xctest */ = {isa = PBXFileReference; explicitFileType = wrapper.cfbundle; includeInIndex = 0; path = LeetCodeUITests.xctest; sourceTree = BUILT_PRODUCTS_DIR; };
		AF34AB9625F4213200F510CC /* LeetCodeUITests.swift */ = {isa = PBXFileReference; lastKnownFileType = sourcecode.swift; path = LeetCodeUITests.swift; sourceTree = "<group>"; };
		AF34AB9825F4213200F510CC /* Info.plist */ = {isa = PBXFileReference; lastKnownFileType = text.plist.xml; path = Info.plist; sourceTree = "<group>"; };
		AF34ABAA25F4282C00F510CC /* LicenseKeyFormattingTests.swift */ = {isa = PBXFileReference; lastKnownFileType = sourcecode.swift; path = LicenseKeyFormattingTests.swift; sourceTree = "<group>"; };
/* End PBXFileReference section */

/* Begin PBXFrameworksBuildPhase section */
		AF34AB7325F4213000F510CC /* Frameworks */ = {
			isa = PBXFrameworksBuildPhase;
			buildActionMask = 2147483647;
			files = (
			);
			runOnlyForDeploymentPostprocessing = 0;
		};
		AF34AB8425F4213200F510CC /* Frameworks */ = {
			isa = PBXFrameworksBuildPhase;
			buildActionMask = 2147483647;
			files = (
			);
			runOnlyForDeploymentPostprocessing = 0;
		};
		AF34AB8F25F4213200F510CC /* Frameworks */ = {
			isa = PBXFrameworksBuildPhase;
			buildActionMask = 2147483647;
			files = (
			);
			runOnlyForDeploymentPostprocessing = 0;
		};
/* End PBXFrameworksBuildPhase section */

/* Begin PBXGroup section */
		AF34AB6D25F4213000F510CC = {
			isa = PBXGroup;
			children = (
				AF34AB7825F4213000F510CC /* LeetCode */,
				AF34AB8A25F4213200F510CC /* LeetCodeTests */,
				AF34AB9525F4213200F510CC /* LeetCodeUITests */,
				AF34AB7725F4213000F510CC /* Products */,
			);
			sourceTree = "<group>";
		};
		AF34AB7725F4213000F510CC /* Products */ = {
			isa = PBXGroup;
			children = (
				AF34AB7625F4213000F510CC /* LeetCode.app */,
				AF34AB8725F4213200F510CC /* LeetCodeTests.xctest */,
				AF34AB9225F4213200F510CC /* LeetCodeUITests.xctest */,
			);
			name = Products;
			sourceTree = "<group>";
		};
		AF34AB7825F4213000F510CC /* LeetCode */ = {
			isa = PBXGroup;
			children = (
				AF34AB7925F4213000F510CC /* LeetCodeApp.swift */,
				AF34AB7B25F4213000F510CC /* ContentView.swift */,
				AF34AB7D25F4213200F510CC /* Assets.xcassets */,
				AF34AB8225F4213200F510CC /* Info.plist */,
				AF34AB7F25F4213200F510CC /* Preview Content */,
			);
			path = LeetCode;
			sourceTree = "<group>";
		};
		AF34AB7F25F4213200F510CC /* Preview Content */ = {
			isa = PBXGroup;
			children = (
				AF34AB8025F4213200F510CC /* Preview Assets.xcassets */,
			);
			path = "Preview Content";
			sourceTree = "<group>";
		};
		AF34AB8A25F4213200F510CC /* LeetCodeTests */ = {
			isa = PBXGroup;
			children = (
				AF34AB8B25F4213200F510CC /* TwoSumTests.swift */,
				AF34AB8D25F4213200F510CC /* Info.plist */,
				AF34ABAA25F4282C00F510CC /* LicenseKeyFormattingTests.swift */,
			);
			path = LeetCodeTests;
			sourceTree = "<group>";
		};
		AF34AB9525F4213200F510CC /* LeetCodeUITests */ = {
			isa = PBXGroup;
			children = (
				AF34AB9625F4213200F510CC /* LeetCodeUITests.swift */,
				AF34AB9825F4213200F510CC /* Info.plist */,
			);
			path = LeetCodeUITests;
			sourceTree = "<group>";
		};
/* End PBXGroup section */

/* Begin PBXNativeTarget section */
		AF34AB7525F4213000F510CC /* LeetCode */ = {
			isa = PBXNativeTarget;
			buildConfigurationList = AF34AB9B25F4213200F510CC /* Build configuration list for PBXNativeTarget "LeetCode" */;
			buildPhases = (
				AF34AB7225F4213000F510CC /* Sources */,
				AF34AB7325F4213000F510CC /* Frameworks */,
				AF34AB7425F4213000F510CC /* Resources */,
			);
			buildRules = (
			);
			dependencies = (
			);
			name = LeetCode;
			productName = LeetCode;
			productReference = AF34AB7625F4213000F510CC /* LeetCode.app */;
			productType = "com.apple.product-type.application";
		};
		AF34AB8625F4213200F510CC /* LeetCodeTests */ = {
			isa = PBXNativeTarget;
			buildConfigurationList = AF34AB9E25F4213200F510CC /* Build configuration list for PBXNativeTarget "LeetCodeTests" */;
			buildPhases = (
				AF34AB8325F4213200F510CC /* Sources */,
				AF34AB8425F4213200F510CC /* Frameworks */,
				AF34AB8525F4213200F510CC /* Resources */,
			);
			buildRules = (
			);
			dependencies = (
				AF34AB8925F4213200F510CC /* PBXTargetDependency */,
			);
			name = LeetCodeTests;
			productName = LeetCodeTests;
			productReference = AF34AB8725F4213200F510CC /* LeetCodeTests.xctest */;
			productType = "com.apple.product-type.bundle.unit-test";
		};
		AF34AB9125F4213200F510CC /* LeetCodeUITests */ = {
			isa = PBXNativeTarget;
			buildConfigurationList = AF34ABA125F4213200F510CC /* Build configuration list for PBXNativeTarget "LeetCodeUITests" */;
			buildPhases = (
				AF34AB8E25F4213200F510CC /* Sources */,
				AF34AB8F25F4213200F510CC /* Frameworks */,
				AF34AB9025F4213200F510CC /* Resources */,
			);
			buildRules = (
			);
			dependencies = (
				AF34AB9425F4213200F510CC /* PBXTargetDependency */,
			);
			name = LeetCodeUITests;
			productName = LeetCodeUITests;
			productReference = AF34AB9225F4213200F510CC /* LeetCodeUITests.xctest */;
			productType = "com.apple.product-type.bundle.ui-testing";
		};
/* End PBXNativeTarget section */

/* Begin PBXProject section */
		AF34AB6E25F4213000F510CC /* Project object */ = {
			isa = PBXProject;
			attributes = {
				LastSwiftUpdateCheck = 1240;
				LastUpgradeCheck = 1240;
				TargetAttributes = {
					AF34AB7525F4213000F510CC = {
						CreatedOnToolsVersion = 12.4;
					};
					AF34AB8625F4213200F510CC = {
						CreatedOnToolsVersion = 12.4;
						TestTargetID = AF34AB7525F4213000F510CC;
					};
					AF34AB9125F4213200F510CC = {
						CreatedOnToolsVersion = 12.4;
						TestTargetID = AF34AB7525F4213000F510CC;
					};
				};
			};
			buildConfigurationList = AF34AB7125F4213000F510CC /* Build configuration list for PBXProject "LeetCode" */;
			compatibilityVersion = "Xcode 9.3";
			developmentRegion = en;
			hasScannedForEncodings = 0;
			knownRegions = (
				en,
				Base,
			);
			mainGroup = AF34AB6D25F4213000F510CC;
			productRefGroup = AF34AB7725F4213000F510CC /* Products */;
			projectDirPath = "";
			projectRoot = "";
			targets = (
				AF34AB7525F4213000F510CC /* LeetCode */,
				AF34AB8625F4213200F510CC /* LeetCodeTests */,
				AF34AB9125F4213200F510CC /* LeetCodeUITests */,
			);
		};
/* End PBXProject section */

/* Begin PBXResourcesBuildPhase section */
		AF34AB7425F4213000F510CC /* Resources */ = {
			isa = PBXResourcesBuildPhase;
			buildActionMask = 2147483647;
			files = (
				AF34AB8125F4213200F510CC /* Preview Assets.xcassets in Resources */,
				AF34AB7E25F4213200F510CC /* Assets.xcassets in Resources */,
			);
			runOnlyForDeploymentPostprocessing = 0;
		};
		AF34AB8525F4213200F510CC /* Resources */ = {
			isa = PBXResourcesBuildPhase;
			buildActionMask = 2147483647;
			files = (
			);
			runOnlyForDeploymentPostprocessing = 0;
		};
		AF34AB9025F4213200F510CC /* Resources */ = {
			isa = PBXResourcesBuildPhase;
			buildActionMask = 2147483647;
			files = (
			);
			runOnlyForDeploymentPostprocessing = 0;
		};
/* End PBXResourcesBuildPhase section */

/* Begin PBXSourcesBuildPhase section */
		AF34AB7225F4213000F510CC /* Sources */ = {
			isa = PBXSourcesBuildPhase;
			buildActionMask = 2147483647;
			files = (
				AF34AB7C25F4213000F510CC /* ContentView.swift in Sources */,
				AF34AB7A25F4213000F510CC /* LeetCodeApp.swift in Sources */,
			);
			runOnlyForDeploymentPostprocessing = 0;
		};
		AF34AB8325F4213200F510CC /* Sources */ = {
			isa = PBXSourcesBuildPhase;
			buildActionMask = 2147483647;
			files = (
				AF34ABAB25F4282C00F510CC /* LicenseKeyFormattingTests.swift in Sources */,
				AF34AB8C25F4213200F510CC /* TwoSumTests.swift in Sources */,
			);
			runOnlyForDeploymentPostprocessing = 0;
		};
		AF34AB8E25F4213200F510CC /* Sources */ = {
			isa = PBXSourcesBuildPhase;
			buildActionMask = 2147483647;
			files = (
				AF34AB9725F4213200F510CC /* LeetCodeUITests.swift in Sources */,
			);
			runOnlyForDeploymentPostprocessing = 0;
		};
/* End PBXSourcesBuildPhase section */

/* Begin PBXTargetDependency section */
		AF34AB8925F4213200F510CC /* PBXTargetDependency */ = {
			isa = PBXTargetDependency;
			target = AF34AB7525F4213000F510CC /* LeetCode */;
			targetProxy = AF34AB8825F4213200F510CC /* PBXContainerItemProxy */;
		};
		AF34AB9425F4213200F510CC /* PBXTargetDependency */ = {
			isa = PBXTargetDependency;
			target = AF34AB7525F4213000F510CC /* LeetCode */;
			targetProxy = AF34AB9325F4213200F510CC /* PBXContainerItemProxy */;
		};
/* End PBXTargetDependency section */

/* Begin XCBuildConfiguration section */
		AF34AB9925F4213200F510CC /* Debug */ = {
			isa = XCBuildConfiguration;
			buildSettings = {
				ALWAYS_SEARCH_USER_PATHS = NO;
				CLANG_ANALYZER_NONNULL = YES;
				CLANG_ANALYZER_NUMBER_OBJECT_CONVERSION = YES_AGGRESSIVE;
				CLANG_CXX_LANGUAGE_STANDARD = "gnu++14";
				CLANG_CXX_LIBRARY = "libc++";
				CLANG_ENABLE_MODULES = YES;
				CLANG_ENABLE_OBJC_ARC = YES;
				CLANG_ENABLE_OBJC_WEAK = YES;
				CLANG_WARN_BLOCK_CAPTURE_AUTORELEASING = YES;
				CLANG_WARN_BOOL_CONVERSION = YES;
				CLANG_WARN_COMMA = YES;
				CLANG_WARN_CONSTANT_CONVERSION = YES;
				CLANG_WARN_DEPRECATED_OBJC_IMPLEMENTATIONS = YES;
				CLANG_WARN_DIRECT_OBJC_ISA_USAGE = YES_ERROR;
				CLANG_WARN_DOCUMENTATION_COMMENTS = YES;
				CLANG_WARN_EMPTY_BODY = YES;
				CLANG_WARN_ENUM_CONVERSION = YES;
				CLANG_WARN_INFINITE_RECURSION = YES;
				CLANG_WARN_INT_CONVERSION = YES;
				CLANG_WARN_NON_LITERAL_NULL_CONVERSION = YES;
				CLANG_WARN_OBJC_IMPLICIT_RETAIN_SELF = YES;
				CLANG_WARN_OBJC_LITERAL_CONVERSION = YES;
				CLANG_WARN_OBJC_ROOT_CLASS = YES_ERROR;
				CLANG_WARN_QUOTED_INCLUDE_IN_FRAMEWORK_HEADER = YES;
				CLANG_WARN_RANGE_LOOP_ANALYSIS = YES;
				CLANG_WARN_STRICT_PROTOTYPES = YES;
				CLANG_WARN_SUSPICIOUS_MOVE = YES;
				CLANG_WARN_UNGUARDED_AVAILABILITY = YES_AGGRESSIVE;
				CLANG_WARN_UNREACHABLE_CODE = YES;
				CLANG_WARN__DUPLICATE_METHOD_MATCH = YES;
				COPY_PHASE_STRIP = NO;
				DEBUG_INFORMATION_FORMAT = dwarf;
				ENABLE_STRICT_OBJC_MSGSEND = YES;
				ENABLE_TESTABILITY = YES;
				GCC_C_LANGUAGE_STANDARD = gnu11;
				GCC_DYNAMIC_NO_PIC = NO;
				GCC_NO_COMMON_BLOCKS = YES;
				GCC_OPTIMIZATION_LEVEL = 0;
				GCC_PREPROCESSOR_DEFINITIONS = (
					"DEBUG=1",
					"$(inherited)",
				);
				GCC_WARN_64_TO_32_BIT_CONVERSION = YES;
				GCC_WARN_ABOUT_RETURN_TYPE = YES_ERROR;
				GCC_WARN_UNDECLARED_SELECTOR = YES;
				GCC_WARN_UNINITIALIZED_AUTOS = YES_AGGRESSIVE;
				GCC_WARN_UNUSED_FUNCTION = YES;
				GCC_WARN_UNUSED_VARIABLE = YES;
				IPHONEOS_DEPLOYMENT_TARGET = 14.4;
				MTL_ENABLE_DEBUG_INFO = INCLUDE_SOURCE;
				MTL_FAST_MATH = YES;
				ONLY_ACTIVE_ARCH = YES;
				SDKROOT = iphoneos;
				SWIFT_ACTIVE_COMPILATION_CONDITIONS = DEBUG;
				SWIFT_OPTIMIZATION_LEVEL = "-Onone";
			};
			name = Debug;
		};
		AF34AB9A25F4213200F510CC /* Release */ = {
			isa = XCBuildConfiguration;
			buildSettings = {
				ALWAYS_SEARCH_USER_PATHS = NO;
				CLANG_ANALYZER_NONNULL = YES;
				CLANG_ANALYZER_NUMBER_OBJECT_CONVERSION = YES_AGGRESSIVE;
				CLANG_CXX_LANGUAGE_STANDARD = "gnu++14";
				CLANG_CXX_LIBRARY = "libc++";
				CLANG_ENABLE_MODULES = YES;
				CLANG_ENABLE_OBJC_ARC = YES;
				CLANG_ENABLE_OBJC_WEAK = YES;
				CLANG_WARN_BLOCK_CAPTURE_AUTORELEASING = YES;
				CLANG_WARN_BOOL_CONVERSION = YES;
				CLANG_WARN_COMMA = YES;
				CLANG_WARN_CONSTANT_CONVERSION = YES;
				CLANG_WARN_DEPRECATED_OBJC_IMPLEMENTATIONS = YES;
				CLANG_WARN_DIRECT_OBJC_ISA_USAGE = YES_ERROR;
				CLANG_WARN_DOCUMENTATION_COMMENTS = YES;
				CLANG_WARN_EMPTY_BODY = YES;
				CLANG_WARN_ENUM_CONVERSION = YES;
				CLANG_WARN_INFINITE_RECURSION = YES;
				CLANG_WARN_INT_CONVERSION = YES;
				CLANG_WARN_NON_LITERAL_NULL_CONVERSION = YES;
				CLANG_WARN_OBJC_IMPLICIT_RETAIN_SELF = YES;
				CLANG_WARN_OBJC_LITERAL_CONVERSION = YES;
				CLANG_WARN_OBJC_ROOT_CLASS = YES_ERROR;
				CLANG_WARN_QUOTED_INCLUDE_IN_FRAMEWORK_HEADER = YES;
				CLANG_WARN_RANGE_LOOP_ANALYSIS = YES;
				CLANG_WARN_STRICT_PROTOTYPES = YES;
				CLANG_WARN_SUSPICIOUS_MOVE = YES;
				CLANG_WARN_UNGUARDED_AVAILABILITY = YES_AGGRESSIVE;
				CLANG_WARN_UNREACHABLE_CODE = YES;
				CLANG_WARN__DUPLICATE_METHOD_MATCH = YES;
				COPY_PHASE_STRIP = NO;
				DEBUG_INFORMATION_FORMAT = "dwarf-with-dsym";
				ENABLE_NS_ASSERTIONS = NO;
				ENABLE_STRICT_OBJC_MSGSEND = YES;
				GCC_C_LANGUAGE_STANDARD = gnu11;
				GCC_NO_COMMON_BLOCKS = YES;
				GCC_WARN_64_TO_32_BIT_CONVERSION = YES;
				GCC_WARN_ABOUT_RETURN_TYPE = YES_ERROR;
				GCC_WARN_UNDECLARED_SELECTOR = YES;
				GCC_WARN_UNINITIALIZED_AUTOS = YES_AGGRESSIVE;
				GCC_WARN_UNUSED_FUNCTION = YES;
				GCC_WARN_UNUSED_VARIABLE = YES;
				IPHONEOS_DEPLOYMENT_TARGET = 14.4;
				MTL_ENABLE_DEBUG_INFO = NO;
				MTL_FAST_MATH = YES;
				SDKROOT = iphoneos;
				SWIFT_COMPILATION_MODE = wholemodule;
				SWIFT_OPTIMIZATION_LEVEL = "-O";
				VALIDATE_PRODUCT = YES;
			};
			name = Release;
		};
		AF34AB9C25F4213200F510CC /* Debug */ = {
			isa = XCBuildConfiguration;
			buildSettings = {
				ASSETCATALOG_COMPILER_APPICON_NAME = AppIcon;
				ASSETCATALOG_COMPILER_GLOBAL_ACCENT_COLOR_NAME = AccentColor;
				CODE_SIGN_STYLE = Automatic;
				DEVELOPMENT_ASSET_PATHS = "\"LeetCode/Preview Content\"";
				DEVELOPMENT_TEAM = HBGDXL9LHD;
				ENABLE_PREVIEWS = YES;
				INFOPLIST_FILE = LeetCode/Info.plist;
				IPHONEOS_DEPLOYMENT_TARGET = 14.0;
				LD_RUNPATH_SEARCH_PATHS = (
					"$(inherited)",
					"@executable_path/Frameworks",
				);
				PRODUCT_BUNDLE_IDENTIFIER = com.diegodossantos.LeetCode;
				PRODUCT_NAME = "$(TARGET_NAME)";
				SWIFT_VERSION = 5.0;
				TARGETED_DEVICE_FAMILY = "1,2";
			};
			name = Debug;
		};
		AF34AB9D25F4213200F510CC /* Release */ = {
			isa = XCBuildConfiguration;
			buildSettings = {
				ASSETCATALOG_COMPILER_APPICON_NAME = AppIcon;
				ASSETCATALOG_COMPILER_GLOBAL_ACCENT_COLOR_NAME = AccentColor;
				CODE_SIGN_STYLE = Automatic;
				DEVELOPMENT_ASSET_PATHS = "\"LeetCode/Preview Content\"";
				DEVELOPMENT_TEAM = HBGDXL9LHD;
				ENABLE_PREVIEWS = YES;
				INFOPLIST_FILE = LeetCode/Info.plist;
				IPHONEOS_DEPLOYMENT_TARGET = 14.0;
				LD_RUNPATH_SEARCH_PATHS = (
					"$(inherited)",
					"@executable_path/Frameworks",
				);
				PRODUCT_BUNDLE_IDENTIFIER = com.diegodossantos.LeetCode;
				PRODUCT_NAME = "$(TARGET_NAME)";
				SWIFT_VERSION = 5.0;
				TARGETED_DEVICE_FAMILY = "1,2";
			};
			name = Release;
		};
		AF34AB9F25F4213200F510CC /* Debug */ = {
			isa = XCBuildConfiguration;
			buildSettings = {
				ALWAYS_EMBED_SWIFT_STANDARD_LIBRARIES = YES;
				BUNDLE_LOADER = "$(TEST_HOST)";
				CODE_SIGN_STYLE = Automatic;
				DEVELOPMENT_TEAM = HBGDXL9LHD;
				INFOPLIST_FILE = LeetCodeTests/Info.plist;
				IPHONEOS_DEPLOYMENT_TARGET = 14.0;
				LD_RUNPATH_SEARCH_PATHS = (
					"$(inherited)",
					"@executable_path/Frameworks",
					"@loader_path/Frameworks",
				);
				PRODUCT_BUNDLE_IDENTIFIER = com.diegodossantos.LeetCodeTests;
				PRODUCT_NAME = "$(TARGET_NAME)";
				SWIFT_VERSION = 5.0;
				TARGETED_DEVICE_FAMILY = "1,2";
				TEST_HOST = "$(BUILT_PRODUCTS_DIR)/LeetCode.app/LeetCode";
			};
			name = Debug;
		};
		AF34ABA025F4213200F510CC /* Release */ = {
			isa = XCBuildConfiguration;
			buildSettings = {
				ALWAYS_EMBED_SWIFT_STANDARD_LIBRARIES = YES;
				BUNDLE_LOADER = "$(TEST_HOST)";
				CODE_SIGN_STYLE = Automatic;
				DEVELOPMENT_TEAM = HBGDXL9LHD;
				INFOPLIST_FILE = LeetCodeTests/Info.plist;
				IPHONEOS_DEPLOYMENT_TARGET = 14.0;
				LD_RUNPATH_SEARCH_PATHS = (
					"$(inherited)",
					"@executable_path/Frameworks",
					"@loader_path/Frameworks",
				);
				PRODUCT_BUNDLE_IDENTIFIER = com.diegodossantos.LeetCodeTests;
				PRODUCT_NAME = "$(TARGET_NAME)";
				SWIFT_VERSION = 5.0;
				TARGETED_DEVICE_FAMILY = "1,2";
				TEST_HOST = "$(BUILT_PRODUCTS_DIR)/LeetCode.app/LeetCode";
			};
			name = Release;
		};
		AF34ABA225F4213200F510CC /* Debug */ = {
			isa = XCBuildConfiguration;
			buildSettings = {
				ALWAYS_EMBED_SWIFT_STANDARD_LIBRARIES = YES;
				CODE_SIGN_STYLE = Automatic;
				DEVELOPMENT_TEAM = HBGDXL9LHD;
				INFOPLIST_FILE = LeetCodeUITests/Info.plist;
				LD_RUNPATH_SEARCH_PATHS = (
					"$(inherited)",
					"@executable_path/Frameworks",
					"@loader_path/Frameworks",
				);
				PRODUCT_BUNDLE_IDENTIFIER = com.diegodossantos.LeetCodeUITests;
				PRODUCT_NAME = "$(TARGET_NAME)";
				SWIFT_VERSION = 5.0;
				TARGETED_DEVICE_FAMILY = "1,2";
				TEST_TARGET_NAME = LeetCode;
			};
			name = Debug;
		};
		AF34ABA325F4213200F510CC /* Release */ = {
			isa = XCBuildConfiguration;
			buildSettings = {
				ALWAYS_EMBED_SWIFT_STANDARD_LIBRARIES = YES;
				CODE_SIGN_STYLE = Automatic;
				DEVELOPMENT_TEAM = HBGDXL9LHD;
				INFOPLIST_FILE = LeetCodeUITests/Info.plist;
				LD_RUNPATH_SEARCH_PATHS = (
					"$(inherited)",
					"@executable_path/Frameworks",
					"@loader_path/Frameworks",
				);
				PRODUCT_BUNDLE_IDENTIFIER = com.diegodossantos.LeetCodeUITests;
				PRODUCT_NAME = "$(TARGET_NAME)";
				SWIFT_VERSION = 5.0;
				TARGETED_DEVICE_FAMILY = "1,2";
				TEST_TARGET_NAME = LeetCode;
			};
			name = Release;
		};
/* End XCBuildConfiguration section */

/* Begin XCConfigurationList section */
		AF34AB7125F4213000F510CC /* Build configuration list for PBXProject "LeetCode" */ = {
			isa = XCConfigurationList;
			buildConfigurations = (
				AF34AB9925F4213200F510CC /* Debug */,
				AF34AB9A25F4213200F510CC /* Release */,
			);
			defaultConfigurationIsVisible = 0;
			defaultConfigurationName = Release;
		};
		AF34AB9B25F4213200F510CC /* Build configuration list for PBXNativeTarget "LeetCode" */ = {
			isa = XCConfigurationList;
			buildConfigurations = (
				AF34AB9C25F4213200F510CC /* Debug */,
				AF34AB9D25F4213200F510CC /* Release */,
			);
			defaultConfigurationIsVisible = 0;
			defaultConfigurationName = Release;
		};
		AF34AB9E25F4213200F510CC /* Build configuration list for PBXNativeTarget "LeetCodeTests" */ = {
			isa = XCConfigurationList;
			buildConfigurations = (
				AF34AB9F25F4213200F510CC /* Debug */,
				AF34ABA025F4213200F510CC /* Release */,
			);
			defaultConfigurationIsVisible = 0;
			defaultConfigurationName = Release;
		};
		AF34ABA125F4213200F510CC /* Build configuration list for PBXNativeTarget "LeetCodeUITests" */ = {
			isa = XCConfigurationList;
			buildConfigurations = (
				AF34ABA225F4213200F510CC /* Debug */,
				AF34ABA325F4213200F510CC /* Release */,
			);
			defaultConfigurationIsVisible = 0;
			defaultConfigurationName = Release;
		};
/* End XCConfigurationList section */
	};
	rootObject = AF34AB6E25F4213000F510CC /* Project object */;
}
